
Microsoft Visual Studio Solution File, Format Version 12.00
# Visual Studio 15
VisualStudioVersion = 15.0.28307.421
MinimumVisualStudioVersion = 10.0.40219.1
Project("{8BC9CEB8-8B4A-11D0-8D11-00A0C91BC942}") = "review", "review\review.vcxproj", "{F25FCC30-3BDE-4BC4-A34E-78B6CAACC85C}"
EndProject
Global
	GlobalSection(SolutionConfigurationPlatforms) = preSolution
		Debug|x64 = Debug|x64
		Debug|x86 = Debug|x86
		Release|x64 = Release|x64
		Release|x86 = Release|x86
	EndGlobalSection
	GlobalSection(ProjectConfigurationPlatforms) = postSolution
		{F25FCC30-3BDE-4BC4-A34E-78B6CAACC85C}.Debug|x64.ActiveCfg = Debug|x64
		{F25FCC30-3BDE-4BC4-A34E-78B6CAACC85C}.Debug|x64.Build.0 = Debug|x64
		{F25FCC30-3BDE-4BC4-A34E-78B6CAACC85C}.Debug|x86.ActiveCfg = Debug|Win32
		{F25FCC30-3BDE-4BC4-A34E-78B6CAACC85C}.Debug|x86.Build.0 = Debug|Win32
		{F25FCC30-3BDE-4BC4-A34E-78B6CAACC85C}.Release|x64.ActiveCfg = Release|x64
		{F25FCC30-3BDE-4BC4-A34E-78B6CAACC85C}.Release|x64.Build.0 = Release|x64
		{F25FCC30-3BDE-4BC4-A34E-78B6CAACC85C}.Release|x86.ActiveCfg = Release|Win32
		{F25FCC30-3BDE-4BC4-A34E-78B6CAACC85C}.Release|x86.Build.0 = Release|Win32
	EndGlobalSection
	GlobalSection(SolutionProperties) = preSolution
		HideSolutionNode = FALSE
	EndGlobalSection
	GlobalSection(ExtensibilityGlobals) = postSolution
		SolutionGuid = {BAFB6D60-E2DD-407A-A02D-7C1C1BE58AE6}
	EndGlobalSection
EndGlobal
